
Microsoft Visual Studio Solution File, Format Version 12.00
# Visual Studio Version 16
VisualStudioVersion = 16.0.30413.136
MinimumVisualStudioVersion = 10.0.40219.1
Project("{9A19103F-16F7-4668-BE54-9A1E7A4F7556}") = "SeleniumWebDriverNUnitTestProject", "SeleniumWebDriverNUnitTestProject\SeleniumWebDriverNUnitTestProject.csproj", "{E29F8ABB-7B8E-4BCA-B99F-5138EA160170}"
EndProject
Project("{FAE04EC0-301F-11D3-BF4B-00C04F79EFBC}") = "NUnitTestProjectDotNetFramework", "NUnitTestProjectDotNetFramework\NUnitTestProjectDotNetFramework.csproj", "{458944E0-1A25-4931-8EFE-66C7C3448F16}"
EndProject
Global
	GlobalSection(SolutionConfigurationPlatforms) = preSolution
		Debug|Any CPU = Debug|Any CPU
		Release|Any CPU = Release|Any CPU
	EndGlobalSection
	GlobalSection(ProjectConfigurationPlatforms) = postSolution
		{E29F8ABB-7B8E-4BCA-B99F-5138EA160170}.Debug|Any CPU.ActiveCfg = Debug|Any CPU
		{E29F8ABB-7B8E-4BCA-B99F-5138EA160170}.Debug|Any CPU.Build.0 = Debug|Any CPU
		{E29F8ABB-7B8E-4BCA-B99F-5138EA160170}.Release|Any CPU.ActiveCfg = Release|Any CPU
		{E29F8ABB-7B8E-4BCA-B99F-5138EA160170}.Release|Any CPU.Build.0 = Release|Any CPU
		{458944E0-1A25-4931-8EFE-66C7C3448F16}.Debug|Any CPU.ActiveCfg = Debug|Any CPU
		{458944E0-1A25-4931-8EFE-66C7C3448F16}.Debug|Any CPU.Build.0 = Debug|Any CPU
		{458944E0-1A25-4931-8EFE-66C7C3448F16}.Release|Any CPU.ActiveCfg = Release|Any CPU
		{458944E0-1A25-4931-8EFE-66C7C3448F16}.Release|Any CPU.Build.0 = Release|Any CPU
	EndGlobalSection
	GlobalSection(SolutionProperties) = preSolution
		HideSolutionNode = FALSE
	EndGlobalSection
	GlobalSection(ExtensibilityGlobals) = postSolution
		SolutionGuid = {0B0FA7B5-1603-4B73-8D52-D26D7C673F36}
	EndGlobalSection
EndGlobal
